// !$*UTF8*$!
{
	archiveVersion = 1;
	classes = {
	};
	objectVersion = 46;
	objects = {

/* Begin PBXBuildFile section */
		6F8C1A0619E5326200994312 /* main.m in Sources */ = {isa = PBXBuildFile; fileRef = 6F8C1A0519E5326200994312 /* main.m */; };
		6F8C1A0919E5326200994312 /* AppDelegate.m in Sources */ = {isa = PBXBuildFile; fileRef = 6F8C1A0819E5326200994312 /* AppDelegate.m */; };
		6F8C1A0C19E5326200994312 /* ViewController.m in Sources */ = {isa = PBXBuildFile; fileRef = 6F8C1A0B19E5326200994312 /* ViewController.m */; };
		6F8C1A0F19E5326200994312 /* Main.storyboard in Resources */ = {isa = PBXBuildFile; fileRef = 6F8C1A0D19E5326200994312 /* Main.storyboard */; };
		6F8C1A1119E5326200994312 /* Images.xcassets in Resources */ = {isa = PBXBuildFile; fileRef = 6F8C1A1019E5326200994312 /* Images.xcassets */; };
		6F8C1A1419E5326200994312 /* LaunchScreen.xib in Resources */ = {isa = PBXBuildFile; fileRef = 6F8C1A1219E5326200994312 /* LaunchScreen.xib */; };
		6F8C1A2019E5326200994312 /* URLLoaderTests.m in Sources */ = {isa = PBXBuildFile; fileRef = 6F8C1A1F19E5326200994312 /* URLLoaderTests.m */; };
/* End PBXBuildFile section */

/* Begin PBXContainerItemProxy section */
		6F8C1A1A19E5326200994312 /* PBXContainerItemProxy */ = {
			isa = PBXContainerItemProxy;
			containerPortal = 6F8C19F819E5326200994312 /* Project object */;
			proxyType = 1;
			remoteGlobalIDString = 6F8C19FF19E5326200994312;
			remoteInfo = URLLoader;
		};
/* End PBXContainerItemProxy section */

/* Begin PBXFileReference section */
		6F8C1A0019E5326200994312 /* URLLoader.app */ = {isa = PBXFileReference; explicitFileType = wrapper.application; includeInIndex = 0; path = URLLoader.app; sourceTree = BUILT_PRODUCTS_DIR; };
		6F8C1A0419E5326200994312 /* Info.plist */ = {isa = PBXFileReference; lastKnownFileType = text.plist.xml; path = Info.plist; sourceTree = "<group>"; };
		6F8C1A0519E5326200994312 /* main.m */ = {isa = PBXFileReference; lastKnownFileType = sourcecode.c.objc; path = main.m; sourceTree = "<group>"; };
		6F8C1A0719E5326200994312 /* AppDelegate.h */ = {isa = PBXFileReference; lastKnownFileType = sourcecode.c.h; path = AppDelegate.h; sourceTree = "<group>"; };
		6F8C1A0819E5326200994312 /* AppDelegate.m */ = {isa = PBXFileReference; lastKnownFileType = sourcecode.c.objc; path = AppDelegate.m; sourceTree = "<group>"; };
		6F8C1A0A19E5326200994312 /* ViewController.h */ = {isa = PBXFileReference; lastKnownFileType = sourcecode.c.h; path = ViewController.h; sourceTree = "<group>"; };
		6F8C1A0B19E5326200994312 /* ViewController.m */ = {isa = PBXFileReference; lastKnownFileType = sourcecode.c.objc; path = ViewController.m; sourceTree = "<group>"; };
		6F8C1A0E19E5326200994312 /* Base */ = {isa = PBXFileReference; lastKnownFileType = file.storyboard; name = Base; path = Base.lproj/Main.storyboard; sourceTree = "<group>"; };
		6F8C1A1019E5326200994312 /* Images.xcassets */ = {isa = PBXFileReference; lastKnownFileType = folder.assetcatalog; path = Images.xcassets; sourceTree = "<group>"; };
		6F8C1A1319E5326200994312 /* Base */ = {isa = PBXFileReference; lastKnownFileType = file.xib; name = Base; path = Base.lproj/LaunchScreen.xib; sourceTree = "<group>"; };
		6F8C1A1919E5326200994312 /* URLLoaderTests.xctest */ = {isa = PBXFileReference; explicitFileType = wrapper.cfbundle; includeInIndex = 0; path = URLLoaderTests.xctest; sourceTree = BUILT_PRODUCTS_DIR; };
		6F8C1A1E19E5326200994312 /* Info.plist */ = {isa = PBXFileReference; lastKnownFileType = text.plist.xml; path = Info.plist; sourceTree = "<group>"; };
		6F8C1A1F19E5326200994312 /* URLLoaderTests.m */ = {isa = PBXFileReference; lastKnownFileType = sourcecode.c.objc; path = URLLoaderTests.m; sourceTree = "<group>"; };
/* End PBXFileReference section */

/* Begin PBXFrameworksBuildPhase section */
		6F8C19FD19E5326200994312 /* Frameworks */ = {
			isa = PBXFrameworksBuildPhase;
			buildActionMask = 2147483647;
			files = (
			);
			runOnlyForDeploymentPostprocessing = 0;
		};
		6F8C1A1619E5326200994312 /* Frameworks */ = {
			isa = PBXFrameworksBuildPhase;
			buildActionMask = 2147483647;
			files = (
			);
			runOnlyForDeploymentPostprocessing = 0;
		};
/* End PBXFrameworksBuildPhase section */

/* Begin PBXGroup section */
		6F8C19F719E5326200994312 = {
			isa = PBXGroup;
			children = (
				6F8C1A0219E5326200994312 /* URLLoader */,
				6F8C1A1C19E5326200994312 /* URLLoaderTests */,
				6F8C1A0119E5326200994312 /* Products */,
			);
			sourceTree = "<group>";
		};
		6F8C1A0119E5326200994312 /* Products */ = {
			isa = PBXGroup;
			children = (
				6F8C1A0019E5326200994312 /* URLLoader.app */,
				6F8C1A1919E5326200994312 /* URLLoaderTests.xctest */,
			);
			name = Products;
			sourceTree = "<group>";
		};
		6F8C1A0219E5326200994312 /* URLLoader */ = {
			isa = PBXGroup;
			children = (
				6F8C1A0719E5326200994312 /* AppDelegate.h */,
				6F8C1A0819E5326200994312 /* AppDelegate.m */,
				6F8C1A0A19E5326200994312 /* ViewController.h */,
				6F8C1A0B19E5326200994312 /* ViewController.m */,
				6F8C1A0D19E5326200994312 /* Main.storyboard */,
				6F8C1A1019E5326200994312 /* Images.xcassets */,
				6F8C1A1219E5326200994312 /* LaunchScreen.xib */,
				6F8C1A0319E5326200994312 /* Supporting Files */,
			);
			path = URLLoader;
			sourceTree = "<group>";
		};
		6F8C1A0319E5326200994312 /* Supporting Files */ = {
			isa = PBXGroup;
			children = (
				6F8C1A0419E5326200994312 /* Info.plist */,
				6F8C1A0519E5326200994312 /* main.m */,
			);
			name = "Supporting Files";
			sourceTree = "<group>";
		};
		6F8C1A1C19E5326200994312 /* URLLoaderTests */ = {
			isa = PBXGroup;
			children = (
				6F8C1A1F19E5326200994312 /* URLLoaderTests.m */,
				6F8C1A1D19E5326200994312 /* Supporting Files */,
			);
			path = URLLoaderTests;
			sourceTree = "<group>";
		};
		6F8C1A1D19E5326200994312 /* Supporting Files */ = {
			isa = PBXGroup;
			children = (
				6F8C1A1E19E5326200994312 /* Info.plist */,
			);
			name = "Supporting Files";
			sourceTree = "<group>";
		};
/* End PBXGroup section */

/* Begin PBXNativeTarget section */
		6F8C19FF19E5326200994312 /* URLLoader */ = {
			isa = PBXNativeTarget;
			buildConfigurationList = 6F8C1A2319E5326200994312 /* Build configuration list for PBXNativeTarget "URLLoader" */;
			buildPhases = (
				6F8C19FC19E5326200994312 /* Sources */,
				6F8C19FD19E5326200994312 /* Frameworks */,
				6F8C19FE19E5326200994312 /* Resources */,
			);
			buildRules = (
			);
			dependencies = (
			);
			name = URLLoader;
			productName = URLLoader;
			productReference = 6F8C1A0019E5326200994312 /* URLLoader.app */;
			productType = "com.apple.product-type.application";
		};
		6F8C1A1819E5326200994312 /* URLLoaderTests */ = {
			isa = PBXNativeTarget;
			buildConfigurationList = 6F8C1A2619E5326200994312 /* Build configuration list for PBXNativeTarget "URLLoaderTests" */;
			buildPhases = (
				6F8C1A1519E5326200994312 /* Sources */,
				6F8C1A1619E5326200994312 /* Frameworks */,
				6F8C1A1719E5326200994312 /* Resources */,
			);
			buildRules = (
			);
			dependencies = (
				6F8C1A1B19E5326200994312 /* PBXTargetDependency */,
			);
			name = URLLoaderTests;
			productName = URLLoaderTests;
			productReference = 6F8C1A1919E5326200994312 /* URLLoaderTests.xctest */;
			productType = "com.apple.product-type.bundle.unit-test";
		};
/* End PBXNativeTarget section */

/* Begin PBXProject section */
		6F8C19F819E5326200994312 /* Project object */ = {
			isa = PBXProject;
			attributes = {
				LastUpgradeCheck = 0610;
				ORGANIZATIONNAME = TeratoTech;
				TargetAttributes = {
					6F8C19FF19E5326200994312 = {
						CreatedOnToolsVersion = 6.1;
					};
					6F8C1A1819E5326200994312 = {
						CreatedOnToolsVersion = 6.1;
						TestTargetID = 6F8C19FF19E5326200994312;
					};
				};
			};
			buildConfigurationList = 6F8C19FB19E5326200994312 /* Build configuration list for PBXProject "URLLoader" */;
			compatibilityVersion = "Xcode 3.2";
			developmentRegion = English;
			hasScannedForEncodings = 0;
			knownRegions = (
				en,
				Base,
			);
			mainGroup = 6F8C19F719E5326200994312;
			productRefGroup = 6F8C1A0119E5326200994312 /* Products */;
			projectDirPath = "";
			projectRoot = "";
			targets = (
				6F8C19FF19E5326200994312 /* URLLoader */,
				6F8C1A1819E5326200994312 /* URLLoaderTests */,
			);
		};
/* End PBXProject section */

/* Begin PBXResourcesBuildPhase section */
		6F8C19FE19E5326200994312 /* Resources */ = {
			isa = PBXResourcesBuildPhase;
			buildActionMask = 2147483647;
			files = (
				6F8C1A0F19E5326200994312 /* Main.storyboard in Resources */,
				6F8C1A1419E5326200994312 /* LaunchScreen.xib in Resources */,
				6F8C1A1119E5326200994312 /* Images.xcassets in Resources */,
			);
			runOnlyForDeploymentPostprocessing = 0;
		};
		6F8C1A1719E5326200994312 /* Resources */ = {
			isa = PBXResourcesBuildPhase;
			buildActionMask = 2147483647;
			files = (
			);
			runOnlyForDeploymentPostprocessing = 0;
		};
/* End PBXResourcesBuildPhase section */

/* Begin PBXSourcesBuildPhase section */
		6F8C19FC19E5326200994312 /* Sources */ = {
			isa = PBXSourcesBuildPhase;
			buildActionMask = 2147483647;
			files = (
				6F8C1A0C19E5326200994312 /* ViewController.m in Sources */,
				6F8C1A0919E5326200994312 /* AppDelegate.m in Sources */,
				6F8C1A0619E5326200994312 /* main.m in Sources */,
			);
			runOnlyForDeploymentPostprocessing = 0;
		};
		6F8C1A1519E5326200994312 /* Sources */ = {
			isa = PBXSourcesBuildPhase;
			buildActionMask = 2147483647;
			files = (
				6F8C1A2019E5326200994312 /* URLLoaderTests.m in Sources */,
			);
			runOnlyForDeploymentPostprocessing = 0;
		};
/* End PBXSourcesBuildPhase section */

/* Begin PBXTargetDependency section */
		6F8C1A1B19E5326200994312 /* PBXTargetDependency */ = {
			isa = PBXTargetDependency;
			target = 6F8C19FF19E5326200994312 /* URLLoader */;
			targetProxy = 6F8C1A1A19E5326200994312 /* PBXContainerItemProxy */;
		};
/* End PBXTargetDependency section */

/* Begin PBXVariantGroup section */
		6F8C1A0D19E5326200994312 /* Main.storyboard */ = {
			isa = PBXVariantGroup;
			children = (
				6F8C1A0E19E5326200994312 /* Base */,
			);
			name = Main.storyboard;
			sourceTree = "<group>";
		};
		6F8C1A1219E5326200994312 /* LaunchScreen.xib */ = {
			isa = PBXVariantGroup;
			children = (
				6F8C1A1319E5326200994312 /* Base */,
			);
			name = LaunchScreen.xib;
			sourceTree = "<group>";
		};
/* End PBXVariantGroup section */

/* Begin XCBuildConfiguration section */
		6F8C1A2119E5326200994312 /* Debug */ = {
			isa = XCBuildConfiguration;
			buildSettings = {
				ALWAYS_SEARCH_USER_PATHS = NO;
				CLANG_CXX_LANGUAGE_STANDARD = "gnu++0x";
				CLANG_CXX_LIBRARY = "libc++";
				CLANG_ENABLE_MODULES = YES;
				CLANG_ENABLE_OBJC_ARC = YES;
				CLANG_WARN_BOOL_CONVERSION = YES;
				CLANG_WARN_CONSTANT_CONVERSION = YES;
				CLANG_WARN_DIRECT_OBJC_ISA_USAGE = YES_ERROR;
				CLANG_WARN_EMPTY_BODY = YES;
				CLANG_WARN_ENUM_CONVERSION = YES;
				CLANG_WARN_INT_CONVERSION = YES;
				CLANG_WARN_OBJC_ROOT_CLASS = YES_ERROR;
				CLANG_WARN_UNREACHABLE_CODE = YES;
				CLANG_WARN__DUPLICATE_METHOD_MATCH = YES;
				"CODE_SIGN_IDENTITY[sdk=iphoneos*]" = "iPhone Developer";
				COPY_PHASE_STRIP = NO;
				ENABLE_STRICT_OBJC_MSGSEND = YES;
				GCC_C_LANGUAGE_STANDARD = gnu99;
				GCC_DYNAMIC_NO_PIC = NO;
				GCC_OPTIMIZATION_LEVEL = 0;
				GCC_PREPROCESSOR_DEFINITIONS = (
					"DEBUG=1",
					"$(inherited)",
				);
				GCC_SYMBOLS_PRIVATE_EXTERN = NO;
				GCC_WARN_64_TO_32_BIT_CONVERSION = YES;
				GCC_WARN_ABOUT_RETURN_TYPE = YES_ERROR;
				GCC_WARN_UNDECLARED_SELECTOR = YES;
				GCC_WARN_UNINITIALIZED_AUTOS = YES_AGGRESSIVE;
				GCC_WARN_UNUSED_FUNCTION = YES;
				GCC_WARN_UNUSED_VARIABLE = YES;
				IPHONEOS_DEPLOYMENT_TARGET = 8.1;
				MTL_ENABLE_DEBUG_INFO = YES;
				ONLY_ACTIVE_ARCH = YES;
				SDKROOT = iphoneos;
			};
			name = Debug;
		};
		6F8C1A2219E5326200994312 /* Release */ = {
			isa = XCBuildConfiguration;
			buildSettings = {
				ALWAYS_SEARCH_USER_PATHS = NO;
				CLANG_CXX_LANGUAGE_STANDARD = "gnu++0x";
				CLANG_CXX_LIBRARY = "libc++";
				CLANG_ENABLE_MODULES = YES;
				CLANG_ENABLE_OBJC_ARC = YES;
				CLANG_WARN_BOOL_CONVERSION = YES;
				CLANG_WARN_CONSTANT_CONVERSION = YES;
				CLANG_WARN_DIRECT_OBJC_ISA_USAGE = YES_ERROR;
				CLANG_WARN_EMPTY_BODY = YES;
				CLANG_WARN_ENUM_CONVERSION = YES;
				CLANG_WARN_INT_CONVERSION = YES;
				CLANG_WARN_OBJC_ROOT_CLASS = YES_ERROR;
				CLANG_WARN_UNREACHABLE_CODE = YES;
				CLANG_WARN__DUPLICATE_METHOD_MATCH = YES;
				"CODE_SIGN_IDENTITY[sdk=iphoneos*]" = "iPhone Developer";
				COPY_PHASE_STRIP = YES;
				ENABLE_NS_ASSERTIONS = NO;
				ENABLE_STRICT_OBJC_MSGSEND = YES;
				GCC_C_LANGUAGE_STANDARD = gnu99;
				GCC_WARN_64_TO_32_BIT_CONVERSION = YES;
				GCC_WARN_ABOUT_RETURN_TYPE = YES_ERROR;
				GCC_WARN_UNDECLARED_SELECTOR = YES;
				GCC_WARN_UNINITIALIZED_AUTOS = YES_AGGRESSIVE;
				GCC_WARN_UNUSED_FUNCTION = YES;
				GCC_WARN_UNUSED_VARIABLE = YES;
				IPHONEOS_DEPLOYMENT_TARGET = 8.1;
				MTL_ENABLE_DEBUG_INFO = NO;
				SDKROOT = iphoneos;
				VALIDATE_PRODUCT = YES;
			};
			name = Release;
		};
		6F8C1A2419E5326200994312 /* Debug */ = {
			isa = XCBuildConfiguration;
			buildSettings = {
				ASSETCATALOG_COMPILER_APPICON_NAME = AppIcon;
				ASSETCATALOG_COMPILER_LAUNCHIMAGE_NAME = LaunchImage;
				INFOPLIST_FILE = URLLoader/Info.plist;
				IPHONEOS_DEPLOYMENT_TARGET = 7.1;
				LD_RUNPATH_SEARCH_PATHS = "$(inherited) @executable_path/Frameworks";
				PRODUCT_NAME = "$(TARGET_NAME)";
			};
			name = Debug;
		};
		6F8C1A2519E5326200994312 /* Release */ = {
			isa = XCBuildConfiguration;
			buildSettings = {
				ASSETCATALOG_COMPILER_APPICON_NAME = AppIcon;
				ASSETCATALOG_COMPILER_LAUNCHIMAGE_NAME = LaunchImage;
				INFOPLIST_FILE = URLLoader/Info.plist;
				IPHONEOS_DEPLOYMENT_TARGET = 7.1;
				LD_RUNPATH_SEARCH_PATHS = "$(inherited) @executable_path/Frameworks";
				PRODUCT_NAME = "$(TARGET_NAME)";
			};
			name = Release;
		};
		6F8C1A2719E5326200994312 /* Debug */ = {
			isa = XCBuildConfiguration;
			buildSettings = {
				BUNDLE_LOADER = "$(TEST_HOST)";
				FRAMEWORK_SEARCH_PATHS = (
					"$(SDKROOT)/Developer/Library/Frameworks",
					"$(inherited)",
				);
				GCC_PREPROCESSOR_DEFINITIONS = (
					"DEBUG=1",
					"$(inherited)",
				);
				INFOPLIST_FILE = URLLoaderTests/Info.plist;
				LD_RUNPATH_SEARCH_PATHS = "$(inherited) @executable_path/Frameworks @loader_path/Frameworks";
				PRODUCT_NAME = "$(TARGET_NAME)";
				TEST_HOST = "$(BUILT_PRODUCTS_DIR)/URLLoader.app/URLLoader";
			};
			name = Debug;
		};
		6F8C1A2819E5326200994312 /* Release */ = {
			isa = XCBuildConfiguration;
			buildSettings = {
				BUNDLE_LOADER = "$(TEST_HOST)";
				FRAMEWORK_SEARCH_PATHS = (
					"$(SDKROOT)/Developer/Library/Frameworks",
					"$(inherited)",
				);
				INFOPLIST_FILE = URLLoaderTests/Info.plist;
				LD_RUNPATH_SEARCH_PATHS = "$(inherited) @executable_path/Frameworks @loader_path/Frameworks";
				PRODUCT_NAME = "$(TARGET_NAME)";
				TEST_HOST = "$(BUILT_PRODUCTS_DIR)/URLLoader.app/URLLoader";
			};
			name = Release;
		};
/* End XCBuildConfiguration section */

/* Begin XCConfigurationList section */
		6F8C19FB19E5326200994312 /* Build configuration list for PBXProject "URLLoader" */ = {
			isa = XCConfigurationList;
			buildConfigurations = (
				6F8C1A2119E5326200994312 /* Debug */,
				6F8C1A2219E5326200994312 /* Release */,
			);
			defaultConfigurationIsVisible = 0;
			defaultConfigurationName = Release;
		};
		6F8C1A2319E5326200994312 /* Build configuration list for PBXNativeTarget "URLLoader" */ = {
			isa = XCConfigurationList;
			buildConfigurations = (
				6F8C1A2419E5326200994312 /* Debug */,
				6F8C1A2519E5326200994312 /* Release */,
			);
			defaultConfigurationIsVisible = 0;
		};
		6F8C1A2619E5326200994312 /* Build configuration list for PBXNativeTarget "URLLoaderTests" */ = {
			isa = XCConfigurationList;
			buildConfigurations = (
				6F8C1A2719E5326200994312 /* Debug */,
				6F8C1A2819E5326200994312 /* Release */,
			);
			defaultConfigurationIsVisible = 0;
		};
/* End XCConfigurationList section */
	};
	rootObject = 6F8C19F819E5326200994312 /* Project object */;
}
